{
  "version": 4,
  "terraform_version": "1.15.7",
  "serial": 1,
  "lineage": "667ec97c-6949-289d-4255-4260f94c816a",
  "outputs": {
    "config_files": {
      "value": {
        "api": "/tmp/kijanikiosk-staging-api.conf",
        "logs": "/tmp/kijanikiosk-staging-logs.conf",
        "payments": "/tmp/kijanikiosk-staging-payments.conf"
      },
      "type": [
        "object",
        {
          "api": "string",
          "logs": "string",
          "payments": "string"
        }
      ]
    }
  },
  "resources": [
    {
      "module": "module.app_servers[\"api\"]",
      "mode": "managed",
      "type": "local_file",
      "name": "config",
      "provider": "provider[\"registry.terraform.io/hashicorp/local\"]",
      "instances": [
        {
          "schema_version": 0,
          "attributes": {
            "content": "server: api\nenv: staging\n",
            "content_base64": null,
            "content_base64sha256": "sB9ZLn6uHnPDtPEEn4cuvUb4eADTlIsyDKCDm8R8lZk=",
            "content_base64sha512": "C/ufSN0rduZHbakYpZ4o4M4316jDCbq1T8/I6DLx1ksGlXSyDzOxaPBEIqg4lRT5Z/HkM2NLzK0+v8x8VOYDQA==",
            "content_md5": "9a53732d280d0e3b6aa7af64a50b82f9",
            "content_sha1": "978cccceb245ed7c9294b50634db2e75db86cd3e",
            "content_sha256": "b01f592e7eae1e73c3b4f1049f872ebd46f87800d3948b320ca0839bc47c9599",
            "content_sha512": "0bfb9f48dd2b76e6476da918a59e28e0ce37d7a8c309bab54fcfc8e832f1d64b069574b20f33b168f04422a8389514f967f1e433634bccad3ebfcc7c54e60340",
            "directory_permission": "0777",
            "file_permission": "0777",
            "filename": "/tmp/kijanikiosk-staging-api.conf",
            "id": "978cccceb245ed7c9294b50634db2e75db86cd3e",
            "sensitive_content": null,
            "source": null
          },
          "sensitive_attributes": [
            [
              {
                "type": "get_attr",
                "value": "sensitive_content"
              }
            ]
          ],
          "identity_schema_version": 0
        }
      ]
    },
    {
      "module": "module.app_servers[\"logs\"]",
      "mode": "managed",
      "type": "local_file",
      "name": "config",
      "provider": "provider[\"registry.terraform.io/hashicorp/local\"]",
      "instances": [
        {
          "schema_version": 0,
          "attributes": {
            "content": "server: logs\nenv: staging\n",
            "content_base64": null,
            "content_base64sha256": "ChGr2PIcJt/jEhGvnX8jJOM6RA8uWlHVisAA7qhwVPw=",
            "content_base64sha512": "dKtLm58L1BnFA1WbN+MJzQ7D8SilNWX6O+1AhXYi+zHwxfMZH9yp6Kv8GdHCgp8smIZURG0kAfQAB+D4CTuR8w==",
            "content_md5": "257fc7cdf6942ae0350e57dc9558eb0f",
            "content_sha1": "b66642e99f02e6c8808cec3709ed552cb3075e63",
            "content_sha256": "0a11abd8f21c26dfe31211af9d7f2324e33a440f2e5a51d58ac000eea87054fc",
            "content_sha512": "74ab4b9b9f0bd419c503559b37e309cd0ec3f128a53565fa3bed40857622fb31f0c5f3191fdca9e8abfc19d1c2829f2c988654446d2401f40007e0f8093b91f3",
            "directory_permission": "0777",
            "file_permission": "0777",
            "filename": "/tmp/kijanikiosk-staging-logs.conf",
            "id": "b66642e99f02e6c8808cec3709ed552cb3075e63",
            "sensitive_content": null,
            "source": null
          },
          "sensitive_attributes": [
            [
              {
                "type": "get_attr",
                "value": "sensitive_content"
              }
            ]
          ],
          "identity_schema_version": 0
        }
      ]
    },
    {
      "module": "module.app_servers[\"payments\"]",
      "mode": "managed",
      "type": "local_file",
      "name": "config",
      "provider": "provider[\"registry.terraform.io/hashicorp/local\"]",
      "instances": [
        {
          "schema_version": 0,
          "attributes": {
            "content": "server: payments\nenv: staging\n",
            "content_base64": null,
            "content_base64sha256": "du1Pkbmdw67PmcVFx3BjjUvtDRx52NCUncuFi+frW5c=",
            "content_base64sha512": "IDi5xvAkS2vTNMlgzayO0PgXEgAzuHV87MJun1GhpG4grHs7BffKyc4ahPJhe7h6/EiibjhJ5Y/P1waaENJ+Jg==",
            "content_md5": "68a6d6a75db11662b65a4a507e496e7b",
            "content_sha1": "de10a6abfe84f7a2f78bb1929200246a662b0b6f",
            "content_sha256": "76ed4f91b99dc3aecf99c545c770638d4bed0d1c79d8d0949dcb858be7eb5b97",
            "content_sha512": "2038b9c6f0244b6bd334c960cdac8ed0f817120033b8757cecc26e9f51a1a46e20ac7b3b05f7cac9ce1a84f2617bb87afc48a26e3849e58fcfd7069a10d27e26",
            "directory_permission": "0777",
            "file_permission": "0777",
            "filename": "/tmp/kijanikiosk-staging-payments.conf",
            "id": "de10a6abfe84f7a2f78bb1929200246a662b0b6f",
            "sensitive_content": null,
            "source": null
          },
          "sensitive_attributes": [
            [
              {
                "type": "get_attr",
                "value": "sensitive_content"
              }
            ]
          ],
          "identity_schema_version": 0
        }
      ]
    }
  ],
  "check_results": null
}
